
Microsoft Visual Studio Solution File, Format Version 12.00
# Visual Studio 15
VisualStudioVersion = 15.0.27428.2043
MinimumVisualStudioVersion = 10.0.40219.1
Project("{FAE04EC0-301F-11D3-BF4B-00C04F79EFBC}") = "xml_tst", "xml_tst\xml_tst.csproj", "{C3346ACF-982C-4125-BD3E-73C2C634A25B}"
EndProject
Project("{FAE04EC0-301F-11D3-BF4B-00C04F79EFBC}") = "xml_tst_console", "xml_tst_console\xml_tst_console.csproj", "{CBAB805B-158A-4C52-9BA5-54968423860C}"
EndProject
Project("{FAE04EC0-301F-11D3-BF4B-00C04F79EFBC}") = "TreeViewWithViewModelDemo", "TreeViewWithViewModelDemo\TreeViewWithViewModelDemo.csproj", "{E10EB261-1B7B-4112-863E-2B197F08DDCD}"
EndProject
Project("{FAE04EC0-301F-11D3-BF4B-00C04F79EFBC}") = "BusinessLib", "BusinessLib\BusinessLib.csproj", "{10B78211-364B-46CF-B310-22457F5669D2}"
EndProject
Project("{FAE04EC0-301F-11D3-BF4B-00C04F79EFBC}") = "Optimizer", "Optimizer\Optimizer.csproj", "{A71DDDD5-4AD1-414D-AD66-47726D9AACB5}"
EndProject
Global
	GlobalSection(SolutionConfigurationPlatforms) = preSolution
		Debug|Any CPU = Debug|Any CPU
		Release|Any CPU = Release|Any CPU
	EndGlobalSection
	GlobalSection(ProjectConfigurationPlatforms) = postSolution
		{C3346ACF-982C-4125-BD3E-73C2C634A25B}.Debug|Any CPU.ActiveCfg = Debug|Any CPU
		{C3346ACF-982C-4125-BD3E-73C2C634A25B}.Debug|Any CPU.Build.0 = Debug|Any CPU
		{C3346ACF-982C-4125-BD3E-73C2C634A25B}.Release|Any CPU.ActiveCfg = Release|Any CPU
		{C3346ACF-982C-4125-BD3E-73C2C634A25B}.Release|Any CPU.Build.0 = Release|Any CPU
		{CBAB805B-158A-4C52-9BA5-54968423860C}.Debug|Any CPU.ActiveCfg = Debug|Any CPU
		{CBAB805B-158A-4C52-9BA5-54968423860C}.Debug|Any CPU.Build.0 = Debug|Any CPU
		{CBAB805B-158A-4C52-9BA5-54968423860C}.Release|Any CPU.ActiveCfg = Release|Any CPU
		{CBAB805B-158A-4C52-9BA5-54968423860C}.Release|Any CPU.Build.0 = Release|Any CPU
		{E10EB261-1B7B-4112-863E-2B197F08DDCD}.Debug|Any CPU.ActiveCfg = Debug|Any CPU
		{E10EB261-1B7B-4112-863E-2B197F08DDCD}.Debug|Any CPU.Build.0 = Debug|Any CPU
		{E10EB261-1B7B-4112-863E-2B197F08DDCD}.Release|Any CPU.ActiveCfg = Release|Any CPU
		{E10EB261-1B7B-4112-863E-2B197F08DDCD}.Release|Any CPU.Build.0 = Release|Any CPU
		{10B78211-364B-46CF-B310-22457F5669D2}.Debug|Any CPU.ActiveCfg = Debug|Any CPU
		{10B78211-364B-46CF-B310-22457F5669D2}.Debug|Any CPU.Build.0 = Debug|Any CPU
		{10B78211-364B-46CF-B310-22457F5669D2}.Release|Any CPU.ActiveCfg = Release|Any CPU
		{10B78211-364B-46CF-B310-22457F5669D2}.Release|Any CPU.Build.0 = Release|Any CPU
		{A71DDDD5-4AD1-414D-AD66-47726D9AACB5}.Debug|Any CPU.ActiveCfg = Debug|Any CPU
		{A71DDDD5-4AD1-414D-AD66-47726D9AACB5}.Debug|Any CPU.Build.0 = Debug|Any CPU
		{A71DDDD5-4AD1-414D-AD66-47726D9AACB5}.Release|Any CPU.ActiveCfg = Release|Any CPU
		{A71DDDD5-4AD1-414D-AD66-47726D9AACB5}.Release|Any CPU.Build.0 = Release|Any CPU
	EndGlobalSection
	GlobalSection(SolutionProperties) = preSolution
		HideSolutionNode = FALSE
	EndGlobalSection
	GlobalSection(ExtensibilityGlobals) = postSolution
		SolutionGuid = {4768CABD-577D-49D8-88C2-998F433866A2}
	EndGlobalSection
EndGlobal
